
Microsoft Visual Studio Solution File, Format Version 12.00
# Visual Studio Version 16
VisualStudioVersion = 16.0.28922.388
MinimumVisualStudioVersion = 10.0.40219.1
Project("{2150E333-8FDC-42A3-9474-1A3956D46DE8}") = "0 - Domain", "0 - Domain", "{FFCE00E0-A533-4E8D-A03A-4D0ABF07A4A9}"
EndProject
Project("{2150E333-8FDC-42A3-9474-1A3956D46DE8}") = "1- Tests", "1- Tests", "{5656114C-EDE3-4EA4-AAC1-348EA12F92A9}"
EndProject
Project("{2150E333-8FDC-42A3-9474-1A3956D46DE8}") = "2 - Infra", "2 - Infra", "{E0D6858F-A730-447F-80C1-15142221B17F}"
EndProject
Project("{2150E333-8FDC-42A3-9474-1A3956D46DE8}") = "3 - Application", "3 - Application", "{4B3CD648-882B-4FF8-B83D-A77635B39BF4}"
EndProject
Project("{2150E333-8FDC-42A3-9474-1A3956D46DE8}") = "4 - API", "4 - API", "{84170E7A-8631-4BE5-9EA1-A0002636F630}"
EndProject
Project("{2150E333-8FDC-42A3-9474-1A3956D46DE8}") = "5 - Presentation", "5 - Presentation", "{4B7FE5B2-9C50-4D31-9EDE-D33CF5DE4637}"
EndProject
Project("{FAE04EC0-301F-11D3-BF4B-00C04F79EFBC}") = "Switch.Domain", "Switch.Domain\Switch.Domain.csproj", "{730382C8-AB5C-4F7A-ACD4-5A04A0148199}"
EndProject
Project("{FAE04EC0-301F-11D3-BF4B-00C04F79EFBC}") = "Switch.Tests", "Switch.Tests\Switch.Tests.csproj", "{F3BC4956-392D-46D5-A5C8-0BEC36D9D9C8}"
EndProject
Project("{2150E333-8FDC-42A3-9474-1A3956D46DE8}") = "2.1 CrossCutting", "2.1 CrossCutting", "{28EC4CDC-19B4-4FE4-8CCC-990FC2CB65F4}"
EndProject
Project("{2150E333-8FDC-42A3-9474-1A3956D46DE8}") = "2.2 - Data", "2.2 - Data", "{EF3E5BB4-ECED-452F-8157-B8269D9E9306}"
EndProject
Project("{FAE04EC0-301F-11D3-BF4B-00C04F79EFBC}") = "Switch.Infra.Data", "Switch.Infra.Data\Switch.Infra.Data.csproj", "{AC701121-500F-43D9-AD26-C8D6A7C6AC3B}"
EndProject
Project("{FAE04EC0-301F-11D3-BF4B-00C04F79EFBC}") = "Switch.Application", "Switch.Application\Switch.Application.csproj", "{2AD4BCD6-5796-4E4B-8C4C-9A01CB1C6D5E}"
EndProject
Project("{FAE04EC0-301F-11D3-BF4B-00C04F79EFBC}") = "Switch.API", "Switch.API\Switch.API.csproj", "{1632AAAC-64F6-4AEF-84F5-7309DC1FFA86}"
EndProject
Global
	GlobalSection(SolutionConfigurationPlatforms) = preSolution
		Debug|Any CPU = Debug|Any CPU
		Release|Any CPU = Release|Any CPU
	EndGlobalSection
	GlobalSection(ProjectConfigurationPlatforms) = postSolution
		{730382C8-AB5C-4F7A-ACD4-5A04A0148199}.Debug|Any CPU.ActiveCfg = Debug|Any CPU
		{730382C8-AB5C-4F7A-ACD4-5A04A0148199}.Debug|Any CPU.Build.0 = Debug|Any CPU
		{730382C8-AB5C-4F7A-ACD4-5A04A0148199}.Release|Any CPU.ActiveCfg = Release|Any CPU
		{730382C8-AB5C-4F7A-ACD4-5A04A0148199}.Release|Any CPU.Build.0 = Release|Any CPU
		{F3BC4956-392D-46D5-A5C8-0BEC36D9D9C8}.Debug|Any CPU.ActiveCfg = Debug|Any CPU
		{F3BC4956-392D-46D5-A5C8-0BEC36D9D9C8}.Debug|Any CPU.Build.0 = Debug|Any CPU
		{F3BC4956-392D-46D5-A5C8-0BEC36D9D9C8}.Release|Any CPU.ActiveCfg = Release|Any CPU
		{F3BC4956-392D-46D5-A5C8-0BEC36D9D9C8}.Release|Any CPU.Build.0 = Release|Any CPU
		{AC701121-500F-43D9-AD26-C8D6A7C6AC3B}.Debug|Any CPU.ActiveCfg = Debug|Any CPU
		{AC701121-500F-43D9-AD26-C8D6A7C6AC3B}.Debug|Any CPU.Build.0 = Debug|Any CPU
		{AC701121-500F-43D9-AD26-C8D6A7C6AC3B}.Release|Any CPU.ActiveCfg = Release|Any CPU
		{AC701121-500F-43D9-AD26-C8D6A7C6AC3B}.Release|Any CPU.Build.0 = Release|Any CPU
		{2AD4BCD6-5796-4E4B-8C4C-9A01CB1C6D5E}.Debug|Any CPU.ActiveCfg = Debug|Any CPU
		{2AD4BCD6-5796-4E4B-8C4C-9A01CB1C6D5E}.Debug|Any CPU.Build.0 = Debug|Any CPU
		{2AD4BCD6-5796-4E4B-8C4C-9A01CB1C6D5E}.Release|Any CPU.ActiveCfg = Release|Any CPU
		{2AD4BCD6-5796-4E4B-8C4C-9A01CB1C6D5E}.Release|Any CPU.Build.0 = Release|Any CPU
		{1632AAAC-64F6-4AEF-84F5-7309DC1FFA86}.Debug|Any CPU.ActiveCfg = Debug|Any CPU
		{1632AAAC-64F6-4AEF-84F5-7309DC1FFA86}.Debug|Any CPU.Build.0 = Debug|Any CPU
		{1632AAAC-64F6-4AEF-84F5-7309DC1FFA86}.Release|Any CPU.ActiveCfg = Release|Any CPU
		{1632AAAC-64F6-4AEF-84F5-7309DC1FFA86}.Release|Any CPU.Build.0 = Release|Any CPU
	EndGlobalSection
	GlobalSection(SolutionProperties) = preSolution
		HideSolutionNode = FALSE
	EndGlobalSection
	GlobalSection(NestedProjects) = preSolution
		{730382C8-AB5C-4F7A-ACD4-5A04A0148199} = {FFCE00E0-A533-4E8D-A03A-4D0ABF07A4A9}
		{F3BC4956-392D-46D5-A5C8-0BEC36D9D9C8} = {5656114C-EDE3-4EA4-AAC1-348EA12F92A9}
		{28EC4CDC-19B4-4FE4-8CCC-990FC2CB65F4} = {E0D6858F-A730-447F-80C1-15142221B17F}
		{EF3E5BB4-ECED-452F-8157-B8269D9E9306} = {E0D6858F-A730-447F-80C1-15142221B17F}
		{AC701121-500F-43D9-AD26-C8D6A7C6AC3B} = {EF3E5BB4-ECED-452F-8157-B8269D9E9306}
		{2AD4BCD6-5796-4E4B-8C4C-9A01CB1C6D5E} = {4B3CD648-882B-4FF8-B83D-A77635B39BF4}
		{1632AAAC-64F6-4AEF-84F5-7309DC1FFA86} = {84170E7A-8631-4BE5-9EA1-A0002636F630}
	EndGlobalSection
	GlobalSection(ExtensibilityGlobals) = postSolution
		SolutionGuid = {C419958C-56FD-4A06-86FD-248DB72B1455}
	EndGlobalSection
EndGlobal
